Microsoft Visual Studio Solution File, Format Version 12.00
# Visual Studio Version 16
VisualStudioVersion = 16.0.28527.54
MinimumVisualStudioVersion = 10.0.40219.1
Project("{9A19103F-16F7-4668-BE54-9A1E7A4F7556}") = "NosCore.LoginServer", "src\NosCore.LoginServer\NosCore.LoginServer.csproj", "{40663D90-0B3E-48A7-800E-CB5E1BED27B6}"
EndProject
Project("{9A19103F-16F7-4668-BE54-9A1E7A4F7556}") = "NosCore.WorldServer", "src\NosCore.WorldServer\NosCore.WorldServer.csproj", "{4EFCF709-5899-4C49-A368-E556AFA3931F}"
EndProject
Project("{9A19103F-16F7-4668-BE54-9A1E7A4F7556}") = "NosCore.Parser", "src\NosCore.Parser\NosCore.Parser.csproj", "{BBAF31CA-9D4F-4786-81B8-7FD56633C7B7}"
EndProject
Project("{9A19103F-16F7-4668-BE54-9A1E7A4F7556}") = "NosCore.MasterServer", "src\NosCore.MasterServer\NosCore.MasterServer.csproj", "{756A8A86-A7EE-475D-B2E4-E98D79049F6B}"
EndProject
Project("{9A19103F-16F7-4668-BE54-9A1E7A4F7556}") = "NosCore.Core", "src\NosCore.Core\NosCore.Core.csproj", "{83F1DAD2-9E07-4D0B-B548-DEB03105F874}"
EndProject
Project("{9A19103F-16F7-4668-BE54-9A1E7A4F7556}") = "NosCore.Database", "src\NosCore.Database\NosCore.Database.csproj", "{93487BBB-589C-4315-9E52-1279C9434B3C}"
EndProject
Project("{9A19103F-16F7-4668-BE54-9A1E7A4F7556}") = "NosCore.GameObject", "src\NosCore.GameObject\NosCore.GameObject.csproj", "{77D6E5F6-9A08-436D-8A9D-7F5832322FAE}"
EndProject
Project("{9A19103F-16F7-4668-BE54-9A1E7A4F7556}") = "NosCore.Data", "src\NosCore.Data\NosCore.Data.csproj", "{AEDAAE2C-D615-4241-8006-240BB7FF1446}"
EndProject
Project("{9A19103F-16F7-4668-BE54-9A1E7A4F7556}") = "NosCore.PacketHandlers", "src\NosCore.Controllers\NosCore.PacketHandlers.csproj", "{8DD33CE5-B9B4-4CCA-B3D7-55DA387AB4AA}"
EndProject
Project("{9A19103F-16F7-4668-BE54-9A1E7A4F7556}") = "NosCore.Tests", "test\NosCore.Tests\NosCore.Tests.csproj", "{B22C7ABE-2B56-42AF-8CF2-46058A5B6543}"
EndProject
Global
	GlobalSection(SolutionConfigurationPlatforms) = preSolution
		Debug|Any CPU = Debug|Any CPU
		Release|Any CPU = Release|Any CPU
	EndGlobalSection
	GlobalSection(ProjectConfigurationPlatforms) = postSolution
		{40663D90-0B3E-48A7-800E-CB5E1BED27B6}.Debug|Any CPU.ActiveCfg = Debug|Any CPU
		{40663D90-0B3E-48A7-800E-CB5E1BED27B6}.Debug|Any CPU.Build.0 = Debug|Any CPU
		{40663D90-0B3E-48A7-800E-CB5E1BED27B6}.Release|Any CPU.ActiveCfg = Release|Any CPU
		{40663D90-0B3E-48A7-800E-CB5E1BED27B6}.Release|Any CPU.Build.0 = Release|Any CPU
		{4EFCF709-5899-4C49-A368-E556AFA3931F}.Debug|Any CPU.ActiveCfg = Debug|Any CPU
		{4EFCF709-5899-4C49-A368-E556AFA3931F}.Debug|Any CPU.Build.0 = Debug|Any CPU
		{4EFCF709-5899-4C49-A368-E556AFA3931F}.Release|Any CPU.ActiveCfg = Release|Any CPU
		{4EFCF709-5899-4C49-A368-E556AFA3931F}.Release|Any CPU.Build.0 = Release|Any CPU
		{BBAF31CA-9D4F-4786-81B8-7FD56633C7B7}.Debug|Any CPU.ActiveCfg = Debug|Any CPU
		{BBAF31CA-9D4F-4786-81B8-7FD56633C7B7}.Debug|Any CPU.Build.0 = Debug|Any CPU
		{BBAF31CA-9D4F-4786-81B8-7FD56633C7B7}.Release|Any CPU.ActiveCfg = Release|Any CPU
		{BBAF31CA-9D4F-4786-81B8-7FD56633C7B7}.Release|Any CPU.Build.0 = Release|Any CPU
		{756A8A86-A7EE-475D-B2E4-E98D79049F6B}.Debug|Any CPU.ActiveCfg = Debug|Any CPU
		{756A8A86-A7EE-475D-B2E4-E98D79049F6B}.Debug|Any CPU.Build.0 = Debug|Any CPU
		{756A8A86-A7EE-475D-B2E4-E98D79049F6B}.Release|Any CPU.ActiveCfg = Release|Any CPU
		{756A8A86-A7EE-475D-B2E4-E98D79049F6B}.Release|Any CPU.Build.0 = Release|Any CPU
		{83F1DAD2-9E07-4D0B-B548-DEB03105F874}.Debug|Any CPU.ActiveCfg = Debug|Any CPU
		{83F1DAD2-9E07-4D0B-B548-DEB03105F874}.Debug|Any CPU.Build.0 = Debug|Any CPU
		{83F1DAD2-9E07-4D0B-B548-DEB03105F874}.Release|Any CPU.ActiveCfg = Release|Any CPU
		{83F1DAD2-9E07-4D0B-B548-DEB03105F874}.Release|Any CPU.Build.0 = Release|Any CPU
		{93487BBB-589C-4315-9E52-1279C9434B3C}.Debug|Any CPU.ActiveCfg = Debug|Any CPU
		{93487BBB-589C-4315-9E52-1279C9434B3C}.Debug|Any CPU.Build.0 = Debug|Any CPU
		{93487BBB-589C-4315-9E52-1279C9434B3C}.Release|Any CPU.ActiveCfg = Release|Any CPU
		{93487BBB-589C-4315-9E52-1279C9434B3C}.Release|Any CPU.Build.0 = Release|Any CPU
		{77D6E5F6-9A08-436D-8A9D-7F5832322FAE}.Debug|Any CPU.ActiveCfg = Debug|Any CPU
		{77D6E5F6-9A08-436D-8A9D-7F5832322FAE}.Debug|Any CPU.Build.0 = Debug|Any CPU
		{77D6E5F6-9A08-436D-8A9D-7F5832322FAE}.Release|Any CPU.ActiveCfg = Release|Any CPU
		{77D6E5F6-9A08-436D-8A9D-7F5832322FAE}.Release|Any CPU.Build.0 = Release|Any CPU
		{AEDAAE2C-D615-4241-8006-240BB7FF1446}.Debug|Any CPU.ActiveCfg = Debug|Any CPU
		{AEDAAE2C-D615-4241-8006-240BB7FF1446}.Debug|Any CPU.Build.0 = Debug|Any CPU
		{AEDAAE2C-D615-4241-8006-240BB7FF1446}.Release|Any CPU.ActiveCfg = Release|Any CPU
		{AEDAAE2C-D615-4241-8006-240BB7FF1446}.Release|Any CPU.Build.0 = Release|Any CPU
		{8DD33CE5-B9B4-4CCA-B3D7-55DA387AB4AA}.Debug|Any CPU.ActiveCfg = Debug|Any CPU
		{8DD33CE5-B9B4-4CCA-B3D7-55DA387AB4AA}.Debug|Any CPU.Build.0 = Debug|Any CPU
		{8DD33CE5-B9B4-4CCA-B3D7-55DA387AB4AA}.Release|Any CPU.ActiveCfg = Release|Any CPU
		{8DD33CE5-B9B4-4CCA-B3D7-55DA387AB4AA}.Release|Any CPU.Build.0 = Release|Any CPU
		{B22C7ABE-2B56-42AF-8CF2-46058A5B6543}.Debug|Any CPU.ActiveCfg = Debug|Any CPU
		{B22C7ABE-2B56-42AF-8CF2-46058A5B6543}.Debug|Any CPU.Build.0 = Debug|Any CPU
		{B22C7ABE-2B56-42AF-8CF2-46058A5B6543}.Release|Any CPU.ActiveCfg = Release|Any CPU
		{B22C7ABE-2B56-42AF-8CF2-46058A5B6543}.Release|Any CPU.Build.0 = Release|Any CPU
	EndGlobalSection
	GlobalSection(SolutionProperties) = preSolution
		HideSolutionNode = FALSE
	EndGlobalSection
	GlobalSection(ExtensibilityGlobals) = postSolution
		SolutionGuid = {4B673C11-52EF-455B-BFC6-8CFEBC340972}
	EndGlobalSection
EndGlobal
