{
  "version": 1,
  "dependencies": {
    "net9.0": {
      "JetBrains.Annotations": {
        "type": "Direct",
        "requested": "[2024.3.0, )",
        "resolved": "2024.3.0",
        "contentHash": "ox5pkeLQXjvJdyAB4b2sBYAlqZGLh3PjSnP1bQNVx72ONuTJ9+34/+Rq91Fc0dG29XG9RgZur9+NcP4riihTug=="
      },
      "Mapster": {
        "type": "Direct",
        "requested": "[7.4.0, )",
        "resolved": "7.4.0",
        "contentHash": "RYGoDqvS4WTKIq0HDyPBBVIj6N0mluOCXQ1Vk95JKseMHEsbCXSEGKSlP95oL+s42IXAXbqvHj7p0YaRBUcfqg==",
        "dependencies": {
          "Mapster.Core": "1.2.1"
        }
      },
      "Mapster.JsonNet": {
        "type": "Direct",
        "requested": "[1.1.1, )",
        "resolved": "1.1.1",
        "contentHash": "+wEF/pgNElMt9DKR73rVe5UBJLWh2qeJb9yI9GR+DzStFQVTEt51C+LvWvkasceTJRxHAr5Pj+kwwF8LPNFh5w==",
        "dependencies": {
          "Mapster": "7.4.0",
          "Newtonsoft.Json": "13.0.1"
        }
      },
      "NodaTime": {
        "type": "Direct",
        "requested": "[3.2.2, )",
        "resolved": "3.2.2",
        "contentHash": "dmju5W0UYC3QP/UJM0juKAZkH0HSDMp0gH91A0+mT9M0kgyM2Jm67hUZPl/WRQLq8Lijjqmdk8kyAViWFWM7dA=="
      },
      "NosCore.Analyzers": {
        "type": "Direct",
        "requested": "[2.0.0, )",
        "resolved": "2.0.0",
        "contentHash": "y2DijbDLt0Xvq+6DhrtPsrMC/P7leWERfcnsyT0+29/Uyo9igVhL8w3YJhvgaa9TCQe6di9LyPiXn/oAE+flaw==",
        "dependencies": {
          "Microsoft.CodeAnalysis.Common": "4.3.1"
        }
      },
      "NosCore.FastMember": {
        "type": "Direct",
        "requested": "[1.5.0, )",
        "resolved": "1.5.0",
        "contentHash": "fUvw9HEDsQbr4EX1eF8kUvBDydiZ+3oLdI7gDrgpcUr/jXbUV6mTZ4KXQ+qs918VcbAQ/YMgY36nFRsri2IHow=="
      },
      "NosCore.Packets": {
        "type": "Direct",
        "requested": "[16.0.0, )",
        "resolved": "16.0.0",
        "contentHash": "4D1qRgbyDzogG3ywk20z8gVULjapoP/yZUoUGW1FQpT7cOS++elr2xAdk9yr75mzAqHJ71Uv8rdDMBOQKAs6hQ==",
        "dependencies": {
          "NosCore.Shared": "6.0.0",
          "System.ComponentModel.Annotations": "5.0.0"
        }
      },
      "Mapster.Core": {
        "type": "Transitive",
        "resolved": "1.2.1",
        "contentHash": "11lokmfliBEMMmjeqxFGNpqGXq6tN96zFqpBmfYeahr4Ybk63oDmeJmOflsATjobYkX248g5Y62oQ2NNnZaeww=="
      },
      "Microsoft.AspNetCore.Authentication.JwtBearer": {
        "type": "Transitive",
        "resolved": "8.0.6",
        "contentHash": "devoUZd8YqikCheBVYpIyvp9psM2Y2ZhOvq1zL2YSjIoq3FUQH8LpLkGak+8oAi/5DGqX8KWyLpZJSUXtOAVCw==",
        "dependencies": {
          "Microsoft.IdentityModel.Protocols.OpenIdConnect": "7.1.2"
        }
      },
      "Microsoft.CodeAnalysis.Analyzers": {
        "type": "Transitive",
        "resolved": "3.3.3",
        "contentHash": "j/rOZtLMVJjrfLRlAMckJLPW/1rze9MT1yfWqSIbUPGRu1m1P0fuo9PmqapwsmePfGB5PJrudQLvmUOAMF0DqQ=="
      },
      "Microsoft.CodeAnalysis.Common": {
        "type": "Transitive",
        "resolved": "4.3.1",
        "contentHash": "wexpJffSEEwptwe6UTMxRDZCCtz+XubI4Qewl4JECnNhcQrtb0anhSUEV9Nz7WkoNfWkx1fptR8xh1egoxYrqw==",
        "dependencies": {
          "Microsoft.CodeAnalysis.Analyzers": "3.3.3",
          "System.Collections.Immutable": "6.0.0",
          "System.Memory": "4.5.4",
          "System.Reflection.Metadata": "5.0.0",
          "System.Runtime.CompilerServices.Unsafe": "6.0.0",
          "System.Text.Encoding.CodePages": "6.0.0",
          "System.Threading.Tasks.Extensions": "4.5.4"
        }
      },
      "Microsoft.Extensions.Configuration": {
        "type": "Transitive",
        "resolved": "2.0.0",
        "contentHash": "SsI4RqI8EH00+cYO96tbftlh87sNUv1eeyuBU1XZdQkG0RrHAOjWgl7P0FoLeTSMXJpOnfweeOWj2d1/5H3FxA==",
        "dependencies": {
          "Microsoft.Extensions.Configuration.Abstractions": "2.0.0"
        }
      },
      "Microsoft.Extensions.Configuration.Abstractions": {
        "type": "Transitive",
        "resolved": "8.0.0",
        "contentHash": "3lE/iLSutpgX1CC0NOW70FJoGARRHbyKmG7dc0klnUZ9Dd9hS6N/POPWhKhMLCEuNN5nXEY5agmlFtH562vqhQ==",
        "dependencies": {
          "Microsoft.Extensions.Primitives": "8.0.0"
        }
      },
      "Microsoft.Extensions.Configuration.Binder": {
        "type": "Transitive",
        "resolved": "8.0.0",
        "contentHash": "mBMoXLsr5s1y2zOHWmKsE9veDcx8h1x/c3rz4baEdQKTeDcmQAPNbB54Pi/lhFO3K431eEq6PFbMgLaa6PHFfA==",
        "dependencies": {
          "Microsoft.Extensions.Configuration.Abstractions": "8.0.0"
        }
      },
      "Microsoft.Extensions.Configuration.FileExtensions": {
        "type": "Transitive",
        "resolved": "2.0.0",
        "contentHash": "ebFbu+vsz4rzeAICWavk9a0FutWVs7aNZap5k/IVxVhu2CnnhOp/H/gNtpzplrqjYDaNYdmv9a/DoUvH2ynVEQ==",
        "dependencies": {
          "Microsoft.Extensions.Configuration": "2.0.0",
          "Microsoft.Extensions.FileProviders.Physical": "2.0.0"
        }
      },
      "Microsoft.Extensions.DependencyModel": {
        "type": "Transitive",
        "resolved": "8.0.0",
        "contentHash": "NSmDw3K0ozNDgShSIpsZcbFIzBX4w28nDag+TfaQujkXGazBm+lid5onlWoCBy4VsLxqnnKjEBbGSJVWJMf43g==",
        "dependencies": {
          "System.Text.Encodings.Web": "8.0.0",
          "System.Text.Json": "8.0.0"
        }
      },
      "Microsoft.Extensions.FileProviders.Abstractions": {
        "type": "Transitive",
        "resolved": "2.0.0",
        "contentHash": "Z0AK+hmLO33WAXQ5P1uPzhH7z5yjDHX/XnUefXxE//SyvCb9x4cVjND24dT5566t/yzGp8/WLD7EG9KQKZZklQ==",
        "dependencies": {
          "Microsoft.Extensions.Primitives": "2.0.0"
        }
      },
      "Microsoft.Extensions.FileProviders.Physical": {
        "type": "Transitive",
        "resolved": "2.0.0",
        "contentHash": "DKO2j2socZbHNCCVEWsLVpB3AQIIzKYFNyITVeWdA1jQ829GJIQf4MUD04+1c+Q2kbK03pIKQZmEy4CGIfgDZw==",
        "dependencies": {
          "Microsoft.Extensions.FileProviders.Abstractions": "2.0.0",
          "Microsoft.Extensions.FileSystemGlobbing": "2.0.0"
        }
      },
      "Microsoft.Extensions.FileSystemGlobbing": {
        "type": "Transitive",
        "resolved": "2.0.0",
        "contentHash": "UC87vRDUB7/vSaNY/FVhbdAyRkfFBTkYmcUoglxk6TyTojhSqYaG5pZsoP4e1ZuXktFXJXJBTvK8U/QwCo0z3g=="
      },
      "Microsoft.Extensions.Primitives": {
        "type": "Transitive",
        "resolved": "8.0.0",
        "contentHash": "bXJEZrW9ny8vjMF1JV253WeLhpEVzFo1lyaZu1vQ4ZxWUlVvknZ/+ftFgVheLubb4eZPSwwxBeqS1JkCOjxd8g=="
      },
      "Microsoft.IdentityModel.Abstractions": {
        "type": "Transitive",
        "resolved": "7.1.2",
        "contentHash": "33eTIA2uO/L9utJjZWbKsMSVsQf7F8vtd6q5mQX7ZJzNvCpci5fleD6AeANGlbbb7WX7XKxq9+Dkb5e3GNDrmQ=="
      },
      "Microsoft.IdentityModel.JsonWebTokens": {
        "type": "Transitive",
        "resolved": "7.1.2",
        "contentHash": "cloLGeZolXbCJhJBc5OC05uhrdhdPL6MWHuVUnkkUvPDeK7HkwThBaLZ1XjBQVk9YhxXE2OvHXnKi0PLleXxDg==",
        "dependencies": {
          "Microsoft.IdentityModel.Tokens": "7.1.2"
        }
      },
      "Microsoft.IdentityModel.Logging": {
        "type": "Transitive",
        "resolved": "7.1.2",
        "contentHash": "YCxBt2EeJP8fcXk9desChkWI+0vFqFLvBwrz5hBMsoh0KJE6BC66DnzkdzkJNqMltLromc52dkdT206jJ38cTw==",
        "dependencies": {
          "Microsoft.IdentityModel.Abstractions": "7.1.2"
        }
      },
      "Microsoft.IdentityModel.Protocols": {
        "type": "Transitive",
        "resolved": "7.1.2",
        "contentHash": "SydLwMRFx6EHPWJ+N6+MVaoArN1Htt92b935O3RUWPY1yUF63zEjvd3lBu79eWdZUwedP8TN2I5V9T3nackvIQ==",
        "dependencies": {
          "Microsoft.IdentityModel.Logging": "7.1.2",
          "Microsoft.IdentityModel.Tokens": "7.1.2"
        }
      },
      "Microsoft.IdentityModel.Protocols.OpenIdConnect": {
        "type": "Transitive",
        "resolved": "7.1.2",
        "contentHash": "6lHQoLXhnMQ42mGrfDkzbIOR3rzKM1W1tgTeMPLgLCqwwGw0d96xFi/UiX/fYsu7d6cD5MJiL3+4HuI8VU+sVQ==",
        "dependencies": {
          "Microsoft.IdentityModel.Protocols": "7.1.2",
          "System.IdentityModel.Tokens.Jwt": "7.1.2"
        }
      },
      "Microsoft.IdentityModel.Tokens": {
        "type": "Transitive",
        "resolved": "7.1.2",
        "contentHash": "oICJMqr3aNEDZOwnH5SK49bR6Z4aX0zEAnOLuhloumOSuqnNq+GWBdQyrgILnlcT5xj09xKCP/7Y7gJYB+ls/g==",
        "dependencies": {
          "Microsoft.IdentityModel.Logging": "7.1.2"
        }
      },
      "NetEscapades.Configuration.Yaml": {
        "type": "Transitive",
        "resolved": "3.1.0",
        "contentHash": "D5Pxt4hXABna5OwYQmAQukspW7LEoYgvfAqyw85gUF/gnH9pWHsZCLMXy2ewWoQ0PELZ1lOGFLDbDVeoCvtBgA==",
        "dependencies": {
          "Microsoft.Extensions.Configuration": "2.0.0",
          "Microsoft.Extensions.Configuration.FileExtensions": "2.0.0",
          "YamlDotNet": "13.0.1"
        }
      },
      "Newtonsoft.Json": {
        "type": "Transitive",
        "resolved": "13.0.1",
        "contentHash": "ppPFpBcvxdsfUonNcvITKqLl3bqxWbDCZIzDWHzjpdAHRFfZe0Dw9HmA0+za13IdyrgJwpkDTDA9fHaxOrt20A=="
      },
      "NosCore.Shared": {
        "type": "Transitive",
        "resolved": "6.0.0",
        "contentHash": "jlPPC3GbQZpaMYOmAMdl4Hy3zwjvxVCHuhXCiJ4b0janOF+uUDxJyBTdHBitrb11xG2ptECpf/8iSsJvpKwvOw==",
        "dependencies": {
          "Microsoft.AspNetCore.Authentication.JwtBearer": "8.0.6",
          "Microsoft.Extensions.DependencyModel": "8.0.0",
          "NetEscapades.Configuration.Yaml": "3.1.0",
          "Serilog": "4.0.0",
          "Serilog.Settings.Configuration": "8.0.1",
          "Serilog.Sinks.Console": "6.0.0",
          "System.ComponentModel.Annotations": "5.0.0"
        }
      },
      "Serilog": {
        "type": "Transitive",
        "resolved": "4.0.0",
        "contentHash": "2jDkUrSh5EofOp7Lx5Zgy0EB+7hXjjxE2ktTb1WVQmU00lDACR2TdROGKU0K1pDTBSJBN1PqgYpgOZF8mL7NJw=="
      },
      "Serilog.Settings.Configuration": {
        "type": "Transitive",
        "resolved": "8.0.1",
        "contentHash": "KOEABqMUdEc8Lpq51Nmiv69Je53mKE6yle4ac2jt3QYiBI0FKKFZCVV6MnkD/z3FonNMjUs/vLOa1mrhzexgCA==",
        "dependencies": {
          "Microsoft.Extensions.Configuration.Binder": "8.0.0",
          "Microsoft.Extensions.DependencyModel": "8.0.0",
          "Serilog": "3.1.1"
        }
      },
      "Serilog.Sinks.Console": {
        "type": "Transitive",
        "resolved": "6.0.0",
        "contentHash": "fQGWqVMClCP2yEyTXPIinSr5c+CBGUvBybPxjAGcf7ctDhadFhrQw03Mv8rJ07/wR5PDfFjewf2LimvXCDzpbA==",
        "dependencies": {
          "Serilog": "4.0.0"
        }
      },
      "System.Collections.Immutable": {
        "type": "Transitive",
        "resolved": "6.0.0",
        "contentHash": "l4zZJ1WU2hqpQQHXz1rvC3etVZN+2DLmQMO79FhOTZHMn8tDRr+WU287sbomD0BETlmKDn0ygUgVy9k5xkkJdA==",
        "dependencies": {
          "System.Runtime.CompilerServices.Unsafe": "6.0.0"
        }
      },
      "System.ComponentModel.Annotations": {
        "type": "Transitive",
        "resolved": "5.0.0",
        "contentHash": "dMkqfy2el8A8/I76n2Hi1oBFEbG1SfxD2l5nhwXV3XjlnOmwxJlQbYpJH4W51odnU9sARCSAgv7S3CyAFMkpYg=="
      },
      "System.IdentityModel.Tokens.Jwt": {
        "type": "Transitive",
        "resolved": "7.1.2",
        "contentHash": "Thhbe1peAmtSBFaV/ohtykXiZSOkx59Da44hvtWfIMFofDA3M3LaVyjstACf2rKGn4dEDR2cUpRAZ0Xs/zB+7Q==",
        "dependencies": {
          "Microsoft.IdentityModel.JsonWebTokens": "7.1.2",
          "Microsoft.IdentityModel.Tokens": "7.1.2"
        }
      },
      "System.Memory": {
        "type": "Transitive",
        "resolved": "4.5.4",
        "contentHash": "1MbJTHS1lZ4bS4FmsJjnuGJOu88ZzTT2rLvrhW7Ygic+pC0NWA+3hgAen0HRdsocuQXCkUTdFn9yHJJhsijDXw=="
      },
      "System.Reflection.Metadata": {
        "type": "Transitive",
        "resolved": "5.0.0",
        "contentHash": "5NecZgXktdGg34rh1OenY1rFNDCI8xSjFr+Z4OU4cU06AQHUdRnIIEeWENu3Wl4YowbzkymAIMvi3WyK9U53pQ=="
      },
      "System.Runtime.CompilerServices.Unsafe": {
        "type": "Transitive",
        "resolved": "6.0.0",
        "contentHash": "/iUeP3tq1S0XdNNoMz5C9twLSrM/TH+qElHkXWaPvuNOt+99G75NrV0OS2EqHx5wMN7popYjpc8oTjC1y16DLg=="
      },
      "System.Text.Encoding.CodePages": {
        "type": "Transitive",
        "resolved": "6.0.0",
        "contentHash": "ZFCILZuOvtKPauZ/j/swhvw68ZRi9ATCfvGbk1QfydmcXBkIWecWKn/250UH7rahZ5OoDBaiAudJtPvLwzw85A==",
        "dependencies": {
          "System.Runtime.CompilerServices.Unsafe": "6.0.0"
        }
      },
      "System.Text.Encodings.Web": {
        "type": "Transitive",
        "resolved": "8.0.0",
        "contentHash": "yev/k9GHAEGx2Rg3/tU6MQh4HGBXJs70y7j1LaM1i/ER9po+6nnQ6RRqTJn1E7Xu0fbIFK80Nh5EoODxrbxwBQ=="
      },
      "System.Text.Json": {
        "type": "Transitive",
        "resolved": "8.0.0",
        "contentHash": "OdrZO2WjkiEG6ajEFRABTRCi/wuXQPxeV6g8xvUJqdxMvvuCCEk86zPla8UiIQJz3durtUEbNyY/3lIhS0yZvQ==",
        "dependencies": {
          "System.Text.Encodings.Web": "8.0.0"
        }
      },
      "System.Threading.Tasks.Extensions": {
        "type": "Transitive",
        "resolved": "4.5.4",
        "contentHash": "zteT+G8xuGu6mS+mzDzYXbzS7rd3K6Fjb9RiZlYlJPam2/hU7JCBZBVEcywNuR+oZ1ncTvc/cq0faRr3P01OVg=="
      },
      "YamlDotNet": {
        "type": "Transitive",
        "resolved": "13.0.1",
        "contentHash": "E1e/xFXB+Cbn7pLVlr+8E3nemEitIReVgmAMMMveADvZvXGuSGHP+1Cg6oA+SUfwXHfaXLQn4STCaPKtdIJkWA=="
      }
    }
  }
}